// !$*UTF8*$!
{
	archiveVersion = 1;
	classes = {
	};
	objectVersion = 56;
	objects = {

/* Begin PBXBuildFile section */
		55FB2C642A1A2DFD00CFF8DC /* AppDelegate.swift in Sources */ = {isa = PBXBuildFile; fileRef = 55FB2C632A1A2DFD00CFF8DC /* AppDelegate.swift */; };
		55FB2C662A1A2DFD00CFF8DC /* DocumentBrowserViewController.swift in Sources */ = {isa = PBXBuildFile; fileRef = 55FB2C652A1A2DFD00CFF8DC /* DocumentBrowserViewController.swift */; };
		55FB2C682A1A2DFD00CFF8DC /* DocumentViewController.swift in Sources */ = {isa = PBXBuildFile; fileRef = 55FB2C672A1A2DFD00CFF8DC /* DocumentViewController.swift */; };
		55FB2C6A2A1A2DFD00CFF8DC /* Document.swift in Sources */ = {isa = PBXBuildFile; fileRef = 55FB2C692A1A2DFD00CFF8DC /* Document.swift */; };
		55FB2C6D2A1A2DFD00CFF8DC /* Main.storyboard in Resources */ = {isa = PBXBuildFile; fileRef = 55FB2C6B2A1A2DFD00CFF8DC /* Main.storyboard */; };
		55FB2C6F2A1A2DFD00CFF8DC /* Assets.xcassets in Resources */ = {isa = PBXBuildFile; fileRef = 55FB2C6E2A1A2DFD00CFF8DC /* Assets.xcassets */; };
		55FB2C722A1A2DFD00CFF8DC /* LaunchScreen.storyboard in Resources */ = {isa = PBXBuildFile; fileRef = 55FB2C702A1A2DFD00CFF8DC /* LaunchScreen.storyboard */; };
/* End PBXBuildFile section */

/* Begin PBXFileReference section */
		55FB2C602A1A2DFD00CFF8DC /* absolute.app */ = {isa = PBXFileReference; explicitFileType = wrapper.application; includeInIndex = 0; path = absolute.app; sourceTree = BUILT_PRODUCTS_DIR; };
		55FB2C632A1A2DFD00CFF8DC /* AppDelegate.swift */ = {isa = PBXFileReference; lastKnownFileType = sourcecode.swift; path = AppDelegate.swift; sourceTree = "<group>"; };
		55FB2C652A1A2DFD00CFF8DC /* DocumentBrowserViewController.swift */ = {isa = PBXFileReference; lastKnownFileType = sourcecode.swift; path = DocumentBrowserViewController.swift; sourceTree = "<group>"; };
		55FB2C672A1A2DFD00CFF8DC /* DocumentViewController.swift */ = {isa = PBXFileReference; lastKnownFileType = sourcecode.swift; path = DocumentViewController.swift; sourceTree = "<group>"; };
		55FB2C692A1A2DFD00CFF8DC /* Document.swift */ = {isa = PBXFileReference; lastKnownFileType = sourcecode.swift; path = Document.swift; sourceTree = "<group>"; };
		55FB2C6C2A1A2DFD00CFF8DC /* Base */ = {isa = PBXFileReference; lastKnownFileType = file.storyboard; name = Base; path = Base.lproj/Main.storyboard; sourceTree = "<group>"; };
		55FB2C6E2A1A2DFD00CFF8DC /* Assets.xcassets */ = {isa = PBXFileReference; lastKnownFileType = folder.assetcatalog; path = Assets.xcassets; sourceTree = "<group>"; };
		55FB2C712A1A2DFD00CFF8DC /* Base */ = {isa = PBXFileReference; lastKnownFileType = file.storyboard; name = Base; path = Base.lproj/LaunchScreen.storyboard; sourceTree = "<group>"; };
		55FB2C732A1A2DFD00CFF8DC /* Info.plist */ = {isa = PBXFileReference; lastKnownFileType = text.plist.xml; path = Info.plist; sourceTree = "<group>"; };
/* End PBXFileReference section */

/* Begin PBXFrameworksBuildPhase section */
		55FB2C5D2A1A2DFD00CFF8DC /* Frameworks */ = {
			isa = PBXFrameworksBuildPhase;
			buildActionMask = 2147483647;
			files = (
			);
			runOnlyForDeploymentPostprocessing = 0;
		};
/* End PBXFrameworksBuildPhase section */

/* Begin PBXGroup section */
		55FB2C572A1A2DFD00CFF8DC = {
			isa = PBXGroup;
			children = (
				55FB2C622A1A2DFD00CFF8DC /* absolute */,
				55FB2C612A1A2DFD00CFF8DC /* Products */,
			);
			sourceTree = "<group>";
		};
		55FB2C612A1A2DFD00CFF8DC /* Products */ = {
			isa = PBXGroup;
			children = (
				55FB2C602A1A2DFD00CFF8DC /* absolute.app */,
			);
			name = Products;
			sourceTree = "<group>";
		};
		55FB2C622A1A2DFD00CFF8DC /* absolute */ = {
			isa = PBXGroup;
			children = (
				55FB2C632A1A2DFD00CFF8DC /* AppDelegate.swift */,
				55FB2C652A1A2DFD00CFF8DC /* DocumentBrowserViewController.swift */,
				55FB2C672A1A2DFD00CFF8DC /* DocumentViewController.swift */,
				55FB2C692A1A2DFD00CFF8DC /* Document.swift */,
				55FB2C6B2A1A2DFD00CFF8DC /* Main.storyboard */,
				55FB2C6E2A1A2DFD00CFF8DC /* Assets.xcassets */,
				55FB2C702A1A2DFD00CFF8DC /* LaunchScreen.storyboard */,
				55FB2C732A1A2DFD00CFF8DC /* Info.plist */,
			);
			path = absolute;
			sourceTree = "<group>";
		};
/* End PBXGroup section */

/* Begin PBXNativeTarget section */
		55FB2C5F2A1A2DFD00CFF8DC /* absolute */ = {
			isa = PBXNativeTarget;
			buildConfigurationList = 55FB2C762A1A2DFD00CFF8DC /* Build configuration list for PBXNativeTarget "absolute" */;
			buildPhases = (
				55FB2C5C2A1A2DFD00CFF8DC /* Sources */,
				55FB2C5D2A1A2DFD00CFF8DC /* Frameworks */,
				55FB2C5E2A1A2DFD00CFF8DC /* Resources */,
			);
			buildRules = (
			);
			dependencies = (
			);
			name = absolute;
			productName = absolute;
			productReference = 55FB2C602A1A2DFD00CFF8DC /* absolute.app */;
			productType = "com.apple.product-type.application";
		};
/* End PBXNativeTarget section */

/* Begin PBXProject section */
		55FB2C582A1A2DFD00CFF8DC /* Project object */ = {
			isa = PBXProject;
			attributes = {
				BuildIndependentTargetsInParallel = 1;
				LastSwiftUpdateCheck = 1430;
				LastUpgradeCheck = 1430;
				TargetAttributes = {
					55FB2C5F2A1A2DFD00CFF8DC = {
						CreatedOnToolsVersion = 14.3;
					};
				};
			};
			buildConfigurationList = 55FB2C5B2A1A2DFD00CFF8DC /* Build configuration list for PBXProject "absolute" */;
			compatibilityVersion = "Xcode 14.0";
			developmentRegion = en;
			hasScannedForEncodings = 0;
			knownRegions = (
				en,
				Base,
			);
			mainGroup = 55FB2C572A1A2DFD00CFF8DC;
			productRefGroup = 55FB2C612A1A2DFD00CFF8DC /* Products */;
			projectDirPath = "";
			projectRoot = "";
			targets = (
				55FB2C5F2A1A2DFD00CFF8DC /* absolute */,
			);
		};
/* End PBXProject section */

/* Begin PBXResourcesBuildPhase section */
		55FB2C5E2A1A2DFD00CFF8DC /* Resources */ = {
			isa = PBXResourcesBuildPhase;
			buildActionMask = 2147483647;
			files = (
				55FB2C722A1A2DFD00CFF8DC /* LaunchScreen.storyboard in Resources */,
				55FB2C6F2A1A2DFD00CFF8DC /* Assets.xcassets in Resources */,
				55FB2C6D2A1A2DFD00CFF8DC /* Main.storyboard in Resources */,
			);
			runOnlyForDeploymentPostprocessing = 0;
		};
/* End PBXResourcesBuildPhase section */

/* Begin PBXSourcesBuildPhase section */
		55FB2C5C2A1A2DFD00CFF8DC /* Sources */ = {
			isa = PBXSourcesBuildPhase;
			buildActionMask = 2147483647;
			files = (
				55FB2C6A2A1A2DFD00CFF8DC /* Document.swift in Sources */,
				55FB2C682A1A2DFD00CFF8DC /* DocumentViewController.swift in Sources */,
				55FB2C662A1A2DFD00CFF8DC /* DocumentBrowserViewController.swift in Sources */,
				55FB2C642A1A2DFD00CFF8DC /* AppDelegate.swift in Sources */,
			);
			runOnlyForDeploymentPostprocessing = 0;
		};
/* End PBXSourcesBuildPhase section */

/* Begin PBXVariantGroup section */
		55FB2C6B2A1A2DFD00CFF8DC /* Main.storyboard */ = {
			isa = PBXVariantGroup;
			children = (
				55FB2C6C2A1A2DFD00CFF8DC /* Base */,
			);
			name = Main.storyboard;
			sourceTree = "<group>";
		};
		55FB2C702A1A2DFD00CFF8DC /* LaunchScreen.storyboard */ = {
			isa = PBXVariantGroup;
			children = (
				55FB2C712A1A2DFD00CFF8DC /* Base */,
			);
			name = LaunchScreen.storyboard;
			sourceTree = "<group>";
		};
/* End PBXVariantGroup section */

/* Begin XCBuildConfiguration section */
		55FB2C742A1A2DFD00CFF8DC /* Debug */ = {
			isa = XCBuildConfiguration;
			buildSettings = {
				ALWAYS_SEARCH_USER_PATHS = NO;
				CLANG_ANALYZER_NONNULL = YES;
				CLANG_ANALYZER_NUMBER_OBJECT_CONVERSION = YES_AGGRESSIVE;
				CLANG_CXX_LANGUAGE_STANDARD = "gnu++20";
				CLANG_ENABLE_MODULES = YES;
				CLANG_ENABLE_OBJC_ARC = YES;
				CLANG_ENABLE_OBJC_WEAK = YES;
				CLANG_WARN_BLOCK_CAPTURE_AUTORELEASING = YES;
				CLANG_WARN_BOOL_CONVERSION = YES;
				CLANG_WARN_COMMA = YES;
				CLANG_WARN_CONSTANT_CONVERSION = YES;
				CLANG_WARN_DEPRECATED_OBJC_IMPLEMENTATIONS = YES;
				CLANG_WARN_DIRECT_OBJC_ISA_USAGE = YES_ERROR;
				CLANG_WARN_DOCUMENTATION_COMMENTS = YES;
				CLANG_WARN_EMPTY_BODY = YES;
				CLANG_WARN_ENUM_CONVERSION = YES;
				CLANG_WARN_INFINITE_RECURSION = YES;
				CLANG_WARN_INT_CONVERSION = YES;
				CLANG_WARN_NON_LITERAL_NULL_CONVERSION = YES;
				CLANG_WARN_OBJC_IMPLICIT_RETAIN_SELF = YES;
				CLANG_WARN_OBJC_LITERAL_CONVERSION = YES;
				CLANG_WARN_OBJC_ROOT_CLASS = YES_ERROR;
				CLANG_WARN_QUOTED_INCLUDE_IN_FRAMEWORK_HEADER = YES;
				CLANG_WARN_RANGE_LOOP_ANALYSIS = YES;
				CLANG_WARN_STRICT_PROTOTYPES = YES;
				CLANG_WARN_SUSPICIOUS_MOVE = YES;
				CLANG_WARN_UNGUARDED_AVAILABILITY = YES_AGGRESSIVE;
				CLANG_WARN_UNREACHABLE_CODE = YES;
				CLANG_WARN__DUPLICATE_METHOD_MATCH = YES;
				COPY_PHASE_STRIP = NO;
				DEBUG_INFORMATION_FORMAT = dwarf;
				ENABLE_STRICT_OBJC_MSGSEND = YES;
				ENABLE_TESTABILITY = YES;
				GCC_C_LANGUAGE_STANDARD = gnu11;
				GCC_DYNAMIC_NO_PIC = NO;
				GCC_NO_COMMON_BLOCKS = YES;
				GCC_OPTIMIZATION_LEVEL = 0;
				GCC_PREPROCESSOR_DEFINITIONS = (
					"DEBUG=1",
					"$(inherited)",
				);
				GCC_WARN_64_TO_32_BIT_CONVERSION = YES;
				GCC_WARN_ABOUT_RETURN_TYPE = YES_ERROR;
				GCC_WARN_UNDECLARED_SELECTOR = YES;
				GCC_WARN_UNINITIALIZED_AUTOS = YES_AGGRESSIVE;
				GCC_WARN_UNUSED_FUNCTION = YES;
				GCC_WARN_UNUSED_VARIABLE = YES;
				IPHONEOS_DEPLOYMENT_TARGET = 16.4;
				MTL_ENABLE_DEBUG_INFO = INCLUDE_SOURCE;
				MTL_FAST_MATH = YES;
				ONLY_ACTIVE_ARCH = YES;
				SDKROOT = iphoneos;
				SWIFT_ACTIVE_COMPILATION_CONDITIONS = DEBUG;
				SWIFT_OPTIMIZATION_LEVEL = "-Onone";
			};
			name = Debug;
		};
		55FB2C752A1A2DFD00CFF8DC /* Release */ = {
			isa = XCBuildConfiguration;
			buildSettings = {
				ALWAYS_SEARCH_USER_PATHS = NO;
				CLANG_ANALYZER_NONNULL = YES;
				CLANG_ANALYZER_NUMBER_OBJECT_CONVERSION = YES_AGGRESSIVE;
				CLANG_CXX_LANGUAGE_STANDARD = "gnu++20";
				CLANG_ENABLE_MODULES = YES;
				CLANG_ENABLE_OBJC_ARC = YES;
				CLANG_ENABLE_OBJC_WEAK = YES;
				CLANG_WARN_BLOCK_CAPTURE_AUTORELEASING = YES;
				CLANG_WARN_BOOL_CONVERSION = YES;
				CLANG_WARN_COMMA = YES;
				CLANG_WARN_CONSTANT_CONVERSION = YES;
				CLANG_WARN_DEPRECATED_OBJC_IMPLEMENTATIONS = YES;
				CLANG_WARN_DIRECT_OBJC_ISA_USAGE = YES_ERROR;
				CLANG_WARN_DOCUMENTATION_COMMENTS = YES;
				CLANG_WARN_EMPTY_BODY = YES;
				CLANG_WARN_ENUM_CONVERSION = YES;
				CLANG_WARN_INFINITE_RECURSION = YES;
				CLANG_WARN_INT_CONVERSION = YES;
				CLANG_WARN_NON_LITERAL_NULL_CONVERSION = YES;
				CLANG_WARN_OBJC_IMPLICIT_RETAIN_SELF = YES;
				CLANG_WARN_OBJC_LITERAL_CONVERSION = YES;
				CLANG_WARN_OBJC_ROOT_CLASS = YES_ERROR;
				CLANG_WARN_QUOTED_INCLUDE_IN_FRAMEWORK_HEADER = YES;
				CLANG_WARN_RANGE_LOOP_ANALYSIS = YES;
				CLANG_WARN_STRICT_PROTOTYPES = YES;
				CLANG_WARN_SUSPICIOUS_MOVE = YES;
				CLANG_WARN_UNGUARDED_AVAILABILITY = YES_AGGRESSIVE;
				CLANG_WARN_UNREACHABLE_CODE = YES;
				CLANG_WARN__DUPLICATE_METHOD_MATCH = YES;
				COPY_PHASE_STRIP = NO;
				DEBUG_INFORMATION_FORMAT = "dwarf-with-dsym";
				ENABLE_NS_ASSERTIONS = NO;
				ENABLE_STRICT_OBJC_MSGSEND = YES;
				GCC_C_LANGUAGE_STANDARD = gnu11;
				GCC_NO_COMMON_BLOCKS = YES;
				GCC_WARN_64_TO_32_BIT_CONVERSION = YES;
				GCC_WARN_ABOUT_RETURN_TYPE = YES_ERROR;
				GCC_WARN_UNDECLARED_SELECTOR = YES;
				GCC_WARN_UNINITIALIZED_AUTOS = YES_AGGRESSIVE;
				GCC_WARN_UNUSED_FUNCTION = YES;
				GCC_WARN_UNUSED_VARIABLE = YES;
				IPHONEOS_DEPLOYMENT_TARGET = 16.4;
				MTL_ENABLE_DEBUG_INFO = NO;
				MTL_FAST_MATH = YES;
				SDKROOT = iphoneos;
				SWIFT_COMPILATION_MODE = wholemodule;
				SWIFT_OPTIMIZATION_LEVEL = "-O";
				VALIDATE_PRODUCT = YES;
			};
			name = Release;
		};
		55FB2C772A1A2DFD00CFF8DC /* Debug */ = {
			isa = XCBuildConfiguration;
			buildSettings = {
				ASSETCATALOG_COMPILER_APPICON_NAME = AppIcon;
				ASSETCATALOG_COMPILER_GLOBAL_ACCENT_COLOR_NAME = AccentColor;
				CODE_SIGN_STYLE = Automatic;
				CURRENT_PROJECT_VERSION = 1;
				DEVELOPMENT_TEAM = JRA8SJKSWZ;
				GENERATE_INFOPLIST_FILE = YES;
				INFOPLIST_FILE = absolute/Info.plist;
				INFOPLIST_KEY_UIApplicationSupportsIndirectInputEvents = YES;
				INFOPLIST_KEY_UILaunchStoryboardName = LaunchScreen;
				INFOPLIST_KEY_UIMainStoryboardFile = Main;
				INFOPLIST_KEY_UISupportedInterfaceOrientations_iPad = "UIInterfaceOrientationPortrait UIInterfaceOrientationPortraitUpsideDown UIInterfaceOrientationLandscapeLeft UIInterfaceOrientationLandscapeRight";
				INFOPLIST_KEY_UISupportedInterfaceOrientations_iPhone = "UIInterfaceOrientationPortrait UIInterfaceOrientationLandscapeLeft UIInterfaceOrientationLandscapeRight";
				INFOPLIST_KEY_UISupportsDocumentBrowser = YES;
				LD_RUNPATH_SEARCH_PATHS = (
					"$(inherited)",
					"@executable_path/Frameworks",
				);
				MARKETING_VERSION = 1.0;
				PRODUCT_BUNDLE_IDENTIFIER = aiv.absolute;
				PRODUCT_NAME = "$(TARGET_NAME)";
				SWIFT_EMIT_LOC_STRINGS = YES;
				SWIFT_VERSION = 5.0;
				TARGETED_DEVICE_FAMILY = "1,2";
			};
			name = Debug;
		};
		55FB2C782A1A2DFD00CFF8DC /* Release */ = {
			isa = XCBuildConfiguration;
			buildSettings = {
				ASSETCATALOG_COMPILER_APPICON_NAME = AppIcon;
				ASSETCATALOG_COMPILER_GLOBAL_ACCENT_COLOR_NAME = AccentColor;
				CODE_SIGN_STYLE = Automatic;
				CURRENT_PROJECT_VERSION = 1;
				DEVELOPMENT_TEAM = JRA8SJKSWZ;
				GENERATE_INFOPLIST_FILE = YES;
				INFOPLIST_FILE = absolute/Info.plist;
				INFOPLIST_KEY_UIApplicationSupportsIndirectInputEvents = YES;
				INFOPLIST_KEY_UILaunchStoryboardName = LaunchScreen;
				INFOPLIST_KEY_UIMainStoryboardFile = Main;
				INFOPLIST_KEY_UISupportedInterfaceOrientations_iPad = "UIInterfaceOrientationPortrait UIInterfaceOrientationPortraitUpsideDown UIInterfaceOrientationLandscapeLeft UIInterfaceOrientationLandscapeRight";
				INFOPLIST_KEY_UISupportedInterfaceOrientations_iPhone = "UIInterfaceOrientationPortrait UIInterfaceOrientationLandscapeLeft UIInterfaceOrientationLandscapeRight";
				INFOPLIST_KEY_UISupportsDocumentBrowser = YES;
				LD_RUNPATH_SEARCH_PATHS = (
					"$(inherited)",
					"@executable_path/Frameworks",
				);
				MARKETING_VERSION = 1.0;
				PRODUCT_BUNDLE_IDENTIFIER = aiv.absolute;
				PRODUCT_NAME = "$(TARGET_NAME)";
				SWIFT_EMIT_LOC_STRINGS = YES;
				SWIFT_VERSION = 5.0;
				TARGETED_DEVICE_FAMILY = "1,2";
			};
			name = Release;
		};
/* End XCBuildConfiguration section */

/* Begin XCConfigurationList section */
		55FB2C5B2A1A2DFD00CFF8DC /* Build configuration list for PBXProject "absolute" */ = {
			isa = XCConfigurationList;
			buildConfigurations = (
				55FB2C742A1A2DFD00CFF8DC /* Debug */,
				55FB2C752A1A2DFD00CFF8DC /* Release */,
			);
			defaultConfigurationIsVisible = 0;
			defaultConfigurationName = Release;
		};
		55FB2C762A1A2DFD00CFF8DC /* Build configuration list for PBXNativeTarget "absolute" */ = {
			isa = XCConfigurationList;
			buildConfigurations = (
				55FB2C772A1A2DFD00CFF8DC /* Debug */,
				55FB2C782A1A2DFD00CFF8DC /* Release */,
			);
			defaultConfigurationIsVisible = 0;
			defaultConfigurationName = Release;
		};
/* End XCConfigurationList section */
	};
	rootObject = 55FB2C582A1A2DFD00CFF8DC /* Project object */;
}
